
Microsoft Visual Studio Solution File, Format Version 12.00
# Visual Studio Version 17
VisualStudioVersion = 17.0.31903.59
MinimumVisualStudioVersion = 10.0.40219.1
Project("{FAE04EC0-301F-11D3-BF4B-00C04F79EFBC}") = "BBTipsManager.Core", "BBTipsManager.Core\BBTipsManager.Core.csproj", "{E1F77193-CAA4-49EC-8D22-22617BC15331}"
EndProject
Project("{FAE04EC0-301F-11D3-BF4B-00C04F79EFBC}") = "BBTipsManager.App", "BBTipsManager.App\BBTipsManager.App.csproj", "{CD342C8C-3C62-44F4-9521-3A3320761D52}"
EndProject
Global
	GlobalSection(SolutionConfigurationPlatforms) = preSolution
		Debug|Any CPU = Debug|Any CPU
		Release|Any CPU = Release|Any CPU
	EndGlobalSection
	GlobalSection(SolutionProperties) = preSolution
		HideSolutionNode = FALSE
	EndGlobalSection
	GlobalSection(ProjectConfigurationPlatforms) = postSolution
		{E1F77193-CAA4-49EC-8D22-22617BC15331}.Debug|Any CPU.ActiveCfg = Debug|Any CPU
		{E1F77193-CAA4-49EC-8D22-22617BC15331}.Debug|Any CPU.Build.0 = Debug|Any CPU
		{E1F77193-CAA4-49EC-8D22-22617BC15331}.Release|Any CPU.ActiveCfg = Release|Any CPU
		{E1F77193-CAA4-49EC-8D22-22617BC15331}.Release|Any CPU.Build.0 = Release|Any CPU
		{CD342C8C-3C62-44F4-9521-3A3320761D52}.Debug|Any CPU.ActiveCfg = Debug|Any CPU
		{CD342C8C-3C62-44F4-9521-3A3320761D52}.Debug|Any CPU.Build.0 = Debug|Any CPU
		{CD342C8C-3C62-44F4-9521-3A3320761D52}.Release|Any CPU.ActiveCfg = Release|Any CPU
		{CD342C8C-3C62-44F4-9521-3A3320761D52}.Release|Any CPU.Build.0 = Release|Any CPU
	EndGlobalSection
EndGlobal
